{
    "version": 3,
    "terraform_version": "0.11.11",
    "serial": 40,
    "lineage": "4d30e637-3fe8-2939-040b-f25831f5fe68",
    "modules": [
        {
            "path": [
                "root"
            ],
            "outputs": {},
            "resources": {
                "google_compute_firewall.instance1_ssh": {
                    "type": "google_compute_firewall",
                    "depends_on": [],
                    "primary": {
                        "id": "instance1-ssh",
                        "attributes": {
                            "allow.#": "1",
                            "allow.803338340.ports.#": "1",
                            "allow.803338340.ports.0": "22",
                            "allow.803338340.protocol": "tcp",
                            "creation_timestamp": "2019-09-27T17:12:45.421-07:00",
                            "deny.#": "0",
                            "description": "",
                            "destination_ranges.#": "0",
                            "direction": "INGRESS",
                            "disabled": "false",
                            "id": "instance1-ssh",
                            "name": "instance1-ssh",
                            "network": "https://www.googleapis.com/compute/v1/projects/support-force/global/networks/supportforce-vpc",
                            "priority": "1000",
                            "project": "support-force",
                            "self_link": "https://www.googleapis.com/compute/v1/projects/support-force/global/firewalls/instance1-ssh",
                            "source_ranges.#": "1",
                            "source_ranges.1080289494": "0.0.0.0/0",
                            "source_service_accounts.#": "0",
                            "source_tags.#": "0",
                            "target_service_accounts.#": "0",
                            "target_tags.#": "1",
                            "target_tags.3597224142": "bastion-scheduler"
                        },
                        "meta": {
                            "e2bfb730-ecaa-11e6-8f88-34363bc7c4c0": {
                                "create": 240000000000,
                                "delete": 240000000000,
                                "update": 240000000000
                            },
                            "schema_version": "1"
                        },
                        "tainted": false
                    },
                    "deposed": [],
                    "provider": "provider.google"
                },
                "google_compute_firewall.vpc_circleci_rule": {
                    "type": "google_compute_firewall",
                    "depends_on": [],
                    "primary": {
                        "id": "vpc-circleci-rule",
                        "attributes": {
                            "allow.#": "1",
                            "allow.1870923232.ports.#": "0",
                            "allow.1870923232.protocol": "all",
                            "creation_timestamp": "2019-09-25T12:44:24.891-07:00",
                            "deny.#": "0",
                            "description": "",
                            "destination_ranges.#": "0",
                            "direction": "INGRESS",
                            "disabled": "false",
                            "id": "vpc-circleci-rule",
                            "name": "vpc-circleci-rule",
                            "network": "https://www.googleapis.com/compute/v1/projects/support-force/global/networks/supportforce-vpc",
                            "priority": "1000",
                            "project": "support-force",
                            "self_link": "https://www.googleapis.com/compute/v1/projects/support-force/global/firewalls/vpc-circleci-rule",
                            "source_ranges.#": "0",
                            "source_service_accounts.#": "1",
                            "source_service_accounts.3281071191": "circleci-build-account@support-force.iam.gserviceaccount.com",
                            "source_tags.#": "0",
                            "target_service_accounts.#": "0",
                            "target_tags.#": "0"
                        },
                        "meta": {
                            "e2bfb730-ecaa-11e6-8f88-34363bc7c4c0": {
                                "create": 240000000000,
                                "delete": 240000000000,
                                "update": 240000000000
                            },
                            "schema_version": "1"
                        },
                        "tainted": false
                    },
                    "deposed": [],
                    "provider": "provider.google"
                },
                "google_compute_network.support_force_network": {
                    "type": "google_compute_network",
                    "depends_on": [],
                    "primary": {
                        "id": "supportforce-vpc",
                        "attributes": {
                            "auto_create_subnetworks": "true",
                            "delete_default_routes_on_create": "false",
                            "description": "",
                            "gateway_ipv4": "",
                            "id": "supportforce-vpc",
                            "ipv4_range": "",
                            "name": "supportforce-vpc",
                            "project": "support-force",
                            "routing_mode": "REGIONAL",
                            "self_link": "https://www.googleapis.com/compute/v1/projects/support-force/global/networks/supportforce-vpc"
                        },
                        "meta": {
                            "e2bfb730-ecaa-11e6-8f88-34363bc7c4c0": {
                                "create": 240000000000,
                                "delete": 240000000000,
                                "update": 240000000000
                            }
                        },
                        "tainted": false
                    },
                    "deposed": [],
                    "provider": "provider.google"
                },
                "google_container_cluster.supportforce_uat_cluster": {
                    "type": "google_container_cluster",
                    "depends_on": [],
                    "primary": {
                        "id": "supportforce-uat-cluster",
                        "attributes": {
                            "additional_zones.#": "0",
                            "addons_config.#": "1",
                            "addons_config.0.horizontal_pod_autoscaling.#": "1",
                            "addons_config.0.horizontal_pod_autoscaling.0.disabled": "false",
                            "addons_config.0.http_load_balancing.#": "1",
                            "addons_config.0.http_load_balancing.0.disabled": "false",
                            "addons_config.0.kubernetes_dashboard.#": "1",
                            "addons_config.0.kubernetes_dashboard.0.disabled": "true",
                            "addons_config.0.network_policy_config.#": "1",
                            "addons_config.0.network_policy_config.0.disabled": "true",
                            "cluster_autoscaling.#": "0",
                            "cluster_ipv4_cidr": "10.16.0.0/14",
                            "description": "",
                            "enable_kubernetes_alpha": "false",
                            "enable_legacy_abac": "false",
                            "endpoint": "35.236.228.111",
                            "id": "supportforce-uat-cluster",
                            "initial_node_count": "0",
                            "instance_group_urls.#": "1",
                            "instance_group_urls.0": "https://www.googleapis.com/compute/v1/projects/support-force/zones/us-east4-a/instanceGroups/gke-supportforce-uat-clu-sf-uat-nodes-021c486e-grp",
                            "ip_allocation_policy.#": "1",
                            "ip_allocation_policy.0.cluster_ipv4_cidr_block": "10.16.0.0/14",
                            "ip_allocation_policy.0.cluster_secondary_range_name": "gke-supportforce-uat-cluster-pods-80324874",
                            "ip_allocation_policy.0.create_subnetwork": "false",
                            "ip_allocation_policy.0.node_ipv4_cidr_block": "10.150.0.0/20",
                            "ip_allocation_policy.0.services_ipv4_cidr_block": "10.89.0.0/18",
                            "ip_allocation_policy.0.services_secondary_range_name": "gke-supportforce-uat-cluster-services-80324874",
                            "ip_allocation_policy.0.subnetwork_name": "",
                            "ip_allocation_policy.0.use_ip_aliases": "true",
                            "location": "us-east4-a",
                            "logging_service": "logging.googleapis.com/kubernetes",
                            "maintenance_policy.#": "0",
                            "master_auth.#": "1",
                            "master_auth.0.client_certificate": "",
                            "master_auth.0.client_certificate_config.#": "1",
                            "master_auth.0.client_certificate_config.0.issue_client_certificate": "false",
                            "master_auth.0.client_key": "",
                            "master_auth.0.cluster_ca_certificate": "LS0tLS1CRUdJTiBDRVJUSUZJQ0FURS0tLS0tCk1JSURERENDQWZTZ0F3SUJBZ0lSQUx0cUcwcUJ3M3pYT3hGUXR0SVFPbWN3RFFZSktvWklodmNOQVFFTEJRQXcKTHpFdE1Dc0dBMVVFQXhNa1lqZGpPRFJtTmpNdE5UTmpOeTAwWmpGbUxUa3pZV1l0WWpnMU1qWXdNV1EyTjJZeApNQjRYRFRFNU1UQXdNakF6TWpJd05Wb1hEVEkwTURrek1EQTBNakl3TlZvd0x6RXRNQ3NHQTFVRUF4TWtZamRqCk9EUm1Oak10TlROak55MDBaakZtTFRrellXWXRZamcxTWpZd01XUTJOMll4TUlJQklqQU5CZ2txaGtpRzl3MEIKQVFFRkFBT0NBUThBTUlJQkNnS0NBUUVBendVdlA3YWZUUm9DWFJkd2NOb2hZemFiczZ0SnpxY0lLWHFUODIyZwo2VkkyMDc4bGQyTUIxSGJGc1o3V09pRFBBNEhuRUJYNzQ3Z3JZN095YVRnalE4TTFHMHBCRnRBbmhJNDg0L2sxCkh0RmU1dWdhYXIzN3VOV1p0RXpVWUs2SWVVYy9jSzNhZUlYdFU5Tlp0MUdaaVVQR3BRb1dhT2w4NG5TaGNrQXYKc1RUVmI5bjlydDlVQi83YUVOdTNUcWQwV1dwejZ5SFU1eW00cmc3Y21FajZBNkNSaSs5QlQreDdXaUJzaDdwQwpuYkhzRDRTTGRyVU9TSWIxWjBFeVAzbEFwTkFiWFcxNGNtR3RMSitTcW9XMERFUEFzKy9SQ01XSkVsMnlBYjZRCjBTaCtDa1d3TDVMazYwejV5Zk9yQytmNVpPblNaRVRKS0szMmNxdlBSYk5MWlFJREFRQUJveU13SVRBT0JnTlYKSFE4QkFmOEVCQU1DQWdRd0R3WURWUjBUQVFIL0JBVXdBd0VCL3pBTkJna3Foa2lHOXcwQkFRc0ZBQU9DQVFFQQpCV2I2SFZ5d1M3aStDWDNCOWQ5Ymx5MER5anUyTXFnMU9Rc0xhT1pSZ3NDYVY4T1Bpd0pNanI4cHYybFFNTDZpCmdFWTc5MHFGU2tZd2U4NEgvZjNkb0pZWDZjdjkvQ1VLTFErNDBURFBCN0xUM1RUWHVneGFtMENvemUvY1VJSVAKTXVoZ0J1MHdzZ000dlN1YWNtZkhoeTdZNUEzdzFsQ3ZBeGZHVThGSlV2THJhcmNSV1puMHhQNzArSDQya3Zodgp0dXRIRUtpaVBsWXluNFdiTVp5WWdQUGdKZllCSWs2UXhIZmZlNUFkS3g4MzRydzZDdXRpbTBOY0REblFiZHJBCklCeW1uTkVKV0ZUNnZmd3dVeW03bGRRZVhIM1diTndQZ3VtclIxd2l6cTExS0lTWkJuazJuV3ljNm5wSzhpMEUKN3laSTJ3Q0xOOXQ1RktKNkc1b3pLZz09Ci0tLS0tRU5EIENFUlRJRklDQVRFLS0tLS0K",
                            "master_auth.0.password": "",
                            "master_auth.0.username": "",
                            "master_authorized_networks_config.#": "0",
                            "master_version": "1.14.3-gke.11",
                            "monitoring_service": "monitoring.googleapis.com/kubernetes",
                            "name": "supportforce-uat-cluster",
                            "network": "projects/support-force/global/networks/supportforce-vpc",
                            "network_policy.#": "1",
                            "network_policy.0.enabled": "false",
                            "network_policy.0.provider": "",
                            "node_config.#": "1",
                            "node_config.0.disk_size_gb": "100",
                            "node_config.0.disk_type": "pd-standard",
                            "node_config.0.guest_accelerator.#": "0",
                            "node_config.0.image_type": "COS",
                            "node_config.0.labels.%": "0",
                            "node_config.0.local_ssd_count": "0",
                            "node_config.0.machine_type": "g1-small",
                            "node_config.0.metadata.%": "1",
                            "node_config.0.metadata.disable-legacy-endpoints": "true",
                            "node_config.0.min_cpu_platform": "",
                            "node_config.0.oauth_scopes.#": "1",
                            "node_config.0.oauth_scopes.1733087937": "https://www.googleapis.com/auth/cloud-platform",
                            "node_config.0.preemptible": "false",
                            "node_config.0.sandbox_config.#": "0",
                            "node_config.0.service_account": "default",
                            "node_config.0.tags.#": "0",
                            "node_config.0.taint.#": "0",
                            "node_config.0.workload_metadata_config.#": "0",
                            "node_locations.#": "0",
                            "node_pool.#": "1",
                            "node_pool.0.autoscaling.#": "1",
                            "node_pool.0.autoscaling.0.max_node_count": "5",
                            "node_pool.0.autoscaling.0.min_node_count": "1",
                            "node_pool.0.initial_node_count": "1",
                            "node_pool.0.instance_group_urls.#": "1",
                            "node_pool.0.instance_group_urls.0": "https://www.googleapis.com/compute/v1/projects/support-force/zones/us-east4-a/instanceGroupManagers/gke-supportforce-uat-clu-sf-uat-nodes-021c486e-grp",
                            "node_pool.0.management.#": "1",
                            "node_pool.0.management.0.auto_repair": "true",
                            "node_pool.0.management.0.auto_upgrade": "true",
                            "node_pool.0.max_pods_per_node": "0",
                            "node_pool.0.name": "sf-uat-nodes",
                            "node_pool.0.name_prefix": "",
                            "node_pool.0.node_config.#": "1",
                            "node_pool.0.node_config.0.disk_size_gb": "100",
                            "node_pool.0.node_config.0.disk_type": "pd-standard",
                            "node_pool.0.node_config.0.guest_accelerator.#": "0",
                            "node_pool.0.node_config.0.image_type": "COS",
                            "node_pool.0.node_config.0.labels.%": "0",
                            "node_pool.0.node_config.0.local_ssd_count": "0",
                            "node_pool.0.node_config.0.machine_type": "g1-small",
                            "node_pool.0.node_config.0.metadata.%": "1",
                            "node_pool.0.node_config.0.metadata.disable-legacy-endpoints": "true",
                            "node_pool.0.node_config.0.min_cpu_platform": "",
                            "node_pool.0.node_config.0.oauth_scopes.#": "1",
                            "node_pool.0.node_config.0.oauth_scopes.1733087937": "https://www.googleapis.com/auth/cloud-platform",
                            "node_pool.0.node_config.0.preemptible": "false",
                            "node_pool.0.node_config.0.sandbox_config.#": "0",
                            "node_pool.0.node_config.0.service_account": "default",
                            "node_pool.0.node_config.0.tags.#": "0",
                            "node_pool.0.node_config.0.taint.#": "0",
                            "node_pool.0.node_config.0.workload_metadata_config.#": "0",
                            "node_pool.0.node_count": "1",
                            "node_pool.0.version": "1.14.3-gke.11",
                            "node_version": "1.14.3-gke.11",
                            "private_cluster_config.#": "1",
                            "private_cluster_config.0.enable_private_endpoint": "false",
                            "private_cluster_config.0.enable_private_nodes": "true",
                            "private_cluster_config.0.master_ipv4_cidr_block": "172.21.0.0/28",
                            "private_cluster_config.0.private_endpoint": "172.21.0.2",
                            "private_cluster_config.0.public_endpoint": "35.236.228.111",
                            "project": "support-force",
                            "resource_labels.%": "0",
                            "services_ipv4_cidr": "10.89.0.0/18",
                            "subnetwork": "projects/support-force/regions/us-east4/subnetworks/supportforce-vpc",
                            "zone": "us-east4-a"
                        },
                        "meta": {
                            "e2bfb730-ecaa-11e6-8f88-34363bc7c4c0": {
                                "create": 1800000000000,
                                "delete": 1800000000000,
                                "update": 3600000000000
                            },
                            "schema_version": "1"
                        },
                        "tainted": false
                    },
                    "deposed": [],
                    "provider": "provider.google"
                },
                "google_project_services.service_apis": {
                    "type": "google_project_services",
                    "depends_on": [],
                    "primary": {
                        "id": "support-force",
                        "attributes": {
                            "id": "support-force",
                            "project": "support-force",
                            "services.#": "34",
                            "services.1109577435": "cloudbuild.googleapis.com",
                            "services.1239746899": "bigquerystorage.googleapis.com",
                            "services.133405307": "storage-component.googleapis.com",
                            "services.1560437671": "iam.googleapis.com",
                            "services.1568433289": "oslogin.googleapis.com",
                            "services.1610229196": "bigquery-json.googleapis.com",
                            "services.1633256984": "appengine.googleapis.com",
                            "services.1712537408": "containerregistry.googleapis.com",
                            "services.1793140363": "clouddebugger.googleapis.com",
                            "services.1954675454": "serviceusage.googleapis.com",
                            "services.2062054361": "appengineflex.googleapis.com",
                            "services.2117420113": "pubsub.googleapis.com",
                            "services.2176421926": "cloudkms.googleapis.com",
                            "services.2240314979": "compute.googleapis.com",
                            "services.238136042": "cloudapis.googleapis.com",
                            "services.2455649047": "servicenetworking.googleapis.com",
                            "services.2471815660": "servicemanagement.googleapis.com",
                            "services.2631575801": "sqladmin.googleapis.com",
                            "services.2928564140": "dns.googleapis.com",
                            "services.2966512281": "deploymentmanager.googleapis.com",
                            "services.3010261123": "replicapool.googleapis.com",
                            "services.3075019877": "replicapoolupdater.googleapis.com",
                            "services.3077910291": "resourceviews.googleapis.com",
                            "services.323125032": "cloudtrace.googleapis.com",
                            "services.3237295688": "monitoring.googleapis.com",
                            "services.3327360159": "stackdriver.googleapis.com",
                            "services.3355193353": "logging.googleapis.com",
                            "services.3604209692": "iamcredentials.googleapis.com",
                            "services.3644083179": "cloudresourcemanager.googleapis.com",
                            "services.3740470850": "container.googleapis.com",
                            "services.3875785048": "storage-api.googleapis.com",
                            "services.3899772697": "cloudfunctions.googleapis.com",
                            "services.77316126": "sql-component.googleapis.com",
                            "services.932568001": "datastore.googleapis.com"
                        },
                        "meta": {
                            "e2bfb730-ecaa-11e6-8f88-34363bc7c4c0": {
                                "create": 1200000000000,
                                "delete": 1200000000000,
                                "read": 600000000000,
                                "update": 1200000000000
                            }
                        },
                        "tainted": false
                    },
                    "deposed": [],
                    "provider": "provider.google"
                },
                "google_sql_database_instance.uat_db_01": {
                    "type": "google_sql_database_instance",
                    "depends_on": [],
                    "primary": {
                        "id": "uat-db-01",
                        "attributes": {
                            "connection_name": "support-force:us-east4:uat-db-01",
                            "database_version": "POSTGRES_9_6",
                            "first_ip_address": "35.236.242.147",
                            "id": "uat-db-01",
                            "ip_address.#": "2",
                            "ip_address.0.ip_address": "35.236.242.147",
                            "ip_address.0.time_to_retire": "",
                            "ip_address.0.type": "PRIMARY",
                            "ip_address.1.ip_address": "10.0.160.3",
                            "ip_address.1.time_to_retire": "",
                            "ip_address.1.type": "PRIVATE",
                            "master_instance_name": "",
                            "name": "uat-db-01",
                            "private_ip_address": "10.0.160.3",
                            "project": "support-force",
                            "public_ip_address": "35.236.242.147",
                            "region": "us-east4",
                            "replica_configuration.#": "0",
                            "self_link": "https://www.googleapis.com/sql/v1beta4/projects/support-force/instances/uat-db-01",
                            "server_ca_cert.#": "1",
                            "server_ca_cert.0.cert": "-----BEGIN CERTIFICATE-----\nMIIDfzCCAmegAwIBAgIBADANBgkqhkiG9w0BAQsFADB3MS0wKwYDVQQuEyQxODY1\nNTY0Yy05ODY1LTRiOTYtOTI4ZS05MWFjMDVjM2NhNGIxIzAhBgNVBAMTGkdvb2ds\nZSBDbG91ZCBTUUwgU2VydmVyIENBMRQwEgYDVQQKEwtHb29nbGUsIEluYzELMAkG\nA1UEBhMCVVMwHhcNMTkwOTI4MDI1NTQ0WhcNMjkwOTI1MDI1NjQ0WjB3MS0wKwYD\nVQQuEyQxODY1NTY0Yy05ODY1LTRiOTYtOTI4ZS05MWFjMDVjM2NhNGIxIzAhBgNV\nBAMTGkdvb2dsZSBDbG91ZCBTUUwgU2VydmVyIENBMRQwEgYDVQQKEwtHb29nbGUs\nIEluYzELMAkGA1UEBhMCVVMwggEiMA0GCSqGSIb3DQEBAQUAA4IBDwAwggEKAoIB\nAQCjGX+1LeTuonY4ozg3m6HpFngR1mokVJL/N9/HUTfjEr0/zA/QxaR6jQoDbCuJ\ngZJOt5EuVjHnetrGZX/F/T8lvYA9w1WHO3N0obr7lb3Xc+wRURF6bW8PFm+LBNcE\n7LC0yxqev3mUbQCMKd+CbwDClxI7Ndr8dyvWZoBPl5Mu4wx/XXGf5KqwIKb6VjBW\nBYB4CEbiKALXwm742ZXZ3P9jkJqsgbYS7kz+R8Ae+EQRKVneV0aJztvx9uFbIPqb\nTOt40fs5mifxVouPMwsn0CkMSyZcxR/RvGHKE+pI28FSE4SsoDuh273GGFLWJrTY\nolA8izGHMyRBRxFq6ny/XI6VAgMBAAGjFjAUMBIGA1UdEwEB/wQIMAYBAf8CAQAw\nDQYJKoZIhvcNAQELBQADggEBAA5PSIZ4iE9m6DnSqNdylbYD8iIUQMp5blKZFUrM\nUm6tAL3zGt+/Li2fOFpWttPt2rABaTeQn3G4n4cvJlvhAKcH524fCcOgEvjS5IqT\nOaX00TTI0GVF4cXFmB/wsdqCz0nm0wr9LdG+kY7TGLDnhqikHLZCX89ITmK5jtFp\nj8qIUdeqTHgVii/qxKtZaoyu06ns9VqW8BVrbygd7Xz4743fIJNORFP9AhJJDESj\naVLu9onBjmGmvG6hRI3NP2G/jDAijg9v/ksRl3tsIF6Q5ZrQqHFc7/jiO14P+ogw\nsaZjqZeu0uw4RTogPQqotJ4krwMEw3ReoVxvwCbXQ9d4ufA=\n-----END CERTIFICATE-----",
                            "server_ca_cert.0.common_name": "C=US,O=Google\\, Inc,CN=Google Cloud SQL Server CA,dnQualifier=1865564c-9865-4b96-928e-91ac05c3ca4b",
                            "server_ca_cert.0.create_time": "2019-09-28T02:55:44.412Z",
                            "server_ca_cert.0.expiration_time": "2029-09-25T02:56:44.412Z",
                            "server_ca_cert.0.sha1_fingerprint": "964e942d523f425a973d3b596e1f3e0d9b6243f9",
                            "service_account_email_address": "p640601756114-8va4gh@gcp-sa-cloud-sql.iam.gserviceaccount.com",
                            "settings.#": "1",
                            "settings.0.activation_policy": "ALWAYS",
                            "settings.0.authorized_gae_applications.#": "0",
                            "settings.0.availability_type": "ZONAL",
                            "settings.0.backup_configuration.#": "1",
                            "settings.0.backup_configuration.0.binary_log_enabled": "false",
                            "settings.0.backup_configuration.0.enabled": "true",
                            "settings.0.backup_configuration.0.start_time": "04:00",
                            "settings.0.crash_safe_replication": "false",
                            "settings.0.database_flags.#": "0",
                            "settings.0.disk_autoresize": "true",
                            "settings.0.disk_size": "10",
                            "settings.0.disk_type": "PD_SSD",
                            "settings.0.ip_configuration.#": "1",
                            "settings.0.ip_configuration.0.authorized_networks.#": "0",
                            "settings.0.ip_configuration.0.ipv4_enabled": "true",
                            "settings.0.ip_configuration.0.private_network": "projects/support-force/global/networks/supportforce-vpc",
                            "settings.0.ip_configuration.0.require_ssl": "false",
                            "settings.0.location_preference.#": "1",
                            "settings.0.location_preference.0.follow_gae_application": "",
                            "settings.0.location_preference.0.zone": "us-east4-a",
                            "settings.0.maintenance_window.#": "1",
                            "settings.0.maintenance_window.0.day": "7",
                            "settings.0.maintenance_window.0.hour": "9",
                            "settings.0.maintenance_window.0.update_track": "",
                            "settings.0.pricing_plan": "PER_USE",
                            "settings.0.replication_type": "SYNCHRONOUS",
                            "settings.0.tier": "db-custom-1-3840",
                            "settings.0.user_labels.%": "1",
                            "settings.0.user_labels.supportforce": "uat-db-01",
                            "settings.0.version": "18"
                        },
                        "meta": {
                            "e2bfb730-ecaa-11e6-8f88-34363bc7c4c0": {
                                "create": 1200000000000,
                                "delete": 1200000000000,
                                "update": 1200000000000
                            }
                        },
                        "tainted": false
                    },
                    "deposed": [],
                    "provider": "provider.google"
                }
            },
            "depends_on": []
        }
    ]
}
